
Microsoft Visual Studio Solution File, Format Version 12.00
# Visual Studio Version 17
VisualStudioVersion = 17.0.31903.59
MinimumVisualStudioVersion = 10.0.40219.1
Project("{2150E333-8FDC-42A3-9474-1A3956D46DE8}") = "Adapter", "Adapter", "{B4614E56-C26D-4802-BDF8-3498CBFC1508}"
EndProject
Project("{2150E333-8FDC-42A3-9474-1A3956D46DE8}") = "Common", "Common", "{C2AD93DA-D46A-46DE-BCF8-356A710A81A1}"
EndProject
Project("{2150E333-8FDC-42A3-9474-1A3956D46DE8}") = "Core", "Core", "{089DD01E-C754-40CB-8E6E-63320477AA7C}"
EndProject
Project("{2150E333-8FDC-42A3-9474-1A3956D46DE8}") = "Tests", "Tests", "{9261A35F-97FF-40FE-B3BD-F3AD0056AD38}"
EndProject
Project("{2150E333-8FDC-42A3-9474-1A3956D46DE8}") = "Driver", "Driver", "{00E0482E-7E2B-4424-A521-F20A9BCFF364}"
EndProject
Project("{FAE04EC0-301F-11D3-BF4B-00C04F79EFBC}") = "CP.Pedidos.Api", "adapter\driver\CP.Pedidos.Api\CP.Pedidos.Api.csproj", "{B8023E1F-AECC-408E-A847-AC6972D36627}"
EndProject
Project("{FAE04EC0-301F-11D3-BF4B-00C04F79EFBC}") = "CP.Pedidos.Application", "core\CP.Pedidos.Application\CP.Pedidos.Application.csproj", "{85869E91-810B-4B55-8980-CB6CE0337F2B}"
EndProject
Project("{FAE04EC0-301F-11D3-BF4B-00C04F79EFBC}") = "CP.Pedidos.IOC", "adapter\CP.Pedidos.IOC\CP.Pedidos.IOC.csproj", "{48880D78-521F-4494-9263-CDBFBEE0457B}"
EndProject
Project("{FAE04EC0-301F-11D3-BF4B-00C04F79EFBC}") = "CP.Pedidos.Domain", "core\CP.Pedidos.Domain\CP.Pedidos.Domain.csproj", "{9563599E-9BDC-4ED7-B0D0-CB4F7653644E}"
EndProject
Project("{2150E333-8FDC-42A3-9474-1A3956D46DE8}") = "Driven", "Driven", "{1DC9B007-B807-4F95-871B-E7B39DDAC9CC}"
EndProject
Project("{FAE04EC0-301F-11D3-BF4B-00C04F79EFBC}") = "CP.Pedidos.Infra", "adapter\driven\CP.Pedidos.Infra\CP.Pedidos.Infra.csproj", "{F3069DF8-BD61-4779-A70F-C4F2C9D1525C}"
EndProject
Project("{FAE04EC0-301F-11D3-BF4B-00C04F79EFBC}") = "CP.Pedidos.Data", "adapter\driven\CP.Pedidos.Data\CP.Pedidos.Data.csproj", "{5C27CBF9-A983-4357-B512-AECCC26FF750}"
EndProject
Project("{FAE04EC0-301F-11D3-BF4B-00C04F79EFBC}") = "CP.Pedidos.CrossCutting", "common\CP.Pedidos.CrossCutting\CP.Pedidos.CrossCutting.csproj", "{A70CED9F-EFA2-4993-9112-C1197938A6FE}"
EndProject
Project("{FAE04EC0-301F-11D3-BF4B-00C04F79EFBC}") = "CP.Pedidos.UnitTests", "tests\CP.Pedidos.UnitTests\CP.Pedidos.UnitTests.csproj", "{B0A0D70C-96A9-4BD3-B4CB-7D4B6B367BFC}"
EndProject
Project("{FAE04EC0-301F-11D3-BF4B-00C04F79EFBC}") = "CP.Pedidos.IntegrationTests", "tests\CP.Pedidos.IntegrationTests\CP.Pedidos.IntegrationTests.csproj", "{722FBD3D-A08D-4B98-A6CE-32B889B75481}"
EndProject
Global
	GlobalSection(SolutionConfigurationPlatforms) = preSolution
		Debug|Any CPU = Debug|Any CPU
		Release|Any CPU = Release|Any CPU
	EndGlobalSection
	GlobalSection(ProjectConfigurationPlatforms) = postSolution
		{B8023E1F-AECC-408E-A847-AC6972D36627}.Debug|Any CPU.ActiveCfg = Debug|Any CPU
		{B8023E1F-AECC-408E-A847-AC6972D36627}.Debug|Any CPU.Build.0 = Debug|Any CPU
		{B8023E1F-AECC-408E-A847-AC6972D36627}.Release|Any CPU.ActiveCfg = Release|Any CPU
		{B8023E1F-AECC-408E-A847-AC6972D36627}.Release|Any CPU.Build.0 = Release|Any CPU
		{85869E91-810B-4B55-8980-CB6CE0337F2B}.Debug|Any CPU.ActiveCfg = Debug|Any CPU
		{85869E91-810B-4B55-8980-CB6CE0337F2B}.Debug|Any CPU.Build.0 = Debug|Any CPU
		{85869E91-810B-4B55-8980-CB6CE0337F2B}.Release|Any CPU.ActiveCfg = Release|Any CPU
		{85869E91-810B-4B55-8980-CB6CE0337F2B}.Release|Any CPU.Build.0 = Release|Any CPU
		{48880D78-521F-4494-9263-CDBFBEE0457B}.Debug|Any CPU.ActiveCfg = Debug|Any CPU
		{48880D78-521F-4494-9263-CDBFBEE0457B}.Debug|Any CPU.Build.0 = Debug|Any CPU
		{48880D78-521F-4494-9263-CDBFBEE0457B}.Release|Any CPU.ActiveCfg = Release|Any CPU
		{48880D78-521F-4494-9263-CDBFBEE0457B}.Release|Any CPU.Build.0 = Release|Any CPU
		{9563599E-9BDC-4ED7-B0D0-CB4F7653644E}.Debug|Any CPU.ActiveCfg = Debug|Any CPU
		{9563599E-9BDC-4ED7-B0D0-CB4F7653644E}.Debug|Any CPU.Build.0 = Debug|Any CPU
		{9563599E-9BDC-4ED7-B0D0-CB4F7653644E}.Release|Any CPU.ActiveCfg = Release|Any CPU
		{9563599E-9BDC-4ED7-B0D0-CB4F7653644E}.Release|Any CPU.Build.0 = Release|Any CPU
		{F3069DF8-BD61-4779-A70F-C4F2C9D1525C}.Debug|Any CPU.ActiveCfg = Debug|Any CPU
		{F3069DF8-BD61-4779-A70F-C4F2C9D1525C}.Debug|Any CPU.Build.0 = Debug|Any CPU
		{F3069DF8-BD61-4779-A70F-C4F2C9D1525C}.Release|Any CPU.ActiveCfg = Release|Any CPU
		{F3069DF8-BD61-4779-A70F-C4F2C9D1525C}.Release|Any CPU.Build.0 = Release|Any CPU
		{5C27CBF9-A983-4357-B512-AECCC26FF750}.Debug|Any CPU.ActiveCfg = Debug|Any CPU
		{5C27CBF9-A983-4357-B512-AECCC26FF750}.Debug|Any CPU.Build.0 = Debug|Any CPU
		{5C27CBF9-A983-4357-B512-AECCC26FF750}.Release|Any CPU.ActiveCfg = Release|Any CPU
		{5C27CBF9-A983-4357-B512-AECCC26FF750}.Release|Any CPU.Build.0 = Release|Any CPU
		{A70CED9F-EFA2-4993-9112-C1197938A6FE}.Debug|Any CPU.ActiveCfg = Debug|Any CPU
		{A70CED9F-EFA2-4993-9112-C1197938A6FE}.Debug|Any CPU.Build.0 = Debug|Any CPU
		{A70CED9F-EFA2-4993-9112-C1197938A6FE}.Release|Any CPU.ActiveCfg = Release|Any CPU
		{A70CED9F-EFA2-4993-9112-C1197938A6FE}.Release|Any CPU.Build.0 = Release|Any CPU
		{B0A0D70C-96A9-4BD3-B4CB-7D4B6B367BFC}.Debug|Any CPU.ActiveCfg = Debug|Any CPU
		{B0A0D70C-96A9-4BD3-B4CB-7D4B6B367BFC}.Debug|Any CPU.Build.0 = Debug|Any CPU
		{B0A0D70C-96A9-4BD3-B4CB-7D4B6B367BFC}.Release|Any CPU.ActiveCfg = Release|Any CPU
		{B0A0D70C-96A9-4BD3-B4CB-7D4B6B367BFC}.Release|Any CPU.Build.0 = Release|Any CPU
		{722FBD3D-A08D-4B98-A6CE-32B889B75481}.Debug|Any CPU.ActiveCfg = Debug|Any CPU
		{722FBD3D-A08D-4B98-A6CE-32B889B75481}.Debug|Any CPU.Build.0 = Debug|Any CPU
		{722FBD3D-A08D-4B98-A6CE-32B889B75481}.Release|Any CPU.ActiveCfg = Release|Any CPU
		{722FBD3D-A08D-4B98-A6CE-32B889B75481}.Release|Any CPU.Build.0 = Release|Any CPU
	EndGlobalSection
	GlobalSection(SolutionProperties) = preSolution
		HideSolutionNode = FALSE
	EndGlobalSection
	GlobalSection(NestedProjects) = preSolution
		{00E0482E-7E2B-4424-A521-F20A9BCFF364} = {B4614E56-C26D-4802-BDF8-3498CBFC1508}
		{B8023E1F-AECC-408E-A847-AC6972D36627} = {00E0482E-7E2B-4424-A521-F20A9BCFF364}
		{85869E91-810B-4B55-8980-CB6CE0337F2B} = {089DD01E-C754-40CB-8E6E-63320477AA7C}
		{48880D78-521F-4494-9263-CDBFBEE0457B} = {B4614E56-C26D-4802-BDF8-3498CBFC1508}
		{9563599E-9BDC-4ED7-B0D0-CB4F7653644E} = {089DD01E-C754-40CB-8E6E-63320477AA7C}
		{1DC9B007-B807-4F95-871B-E7B39DDAC9CC} = {B4614E56-C26D-4802-BDF8-3498CBFC1508}
		{F3069DF8-BD61-4779-A70F-C4F2C9D1525C} = {1DC9B007-B807-4F95-871B-E7B39DDAC9CC}
		{5C27CBF9-A983-4357-B512-AECCC26FF750} = {1DC9B007-B807-4F95-871B-E7B39DDAC9CC}
		{A70CED9F-EFA2-4993-9112-C1197938A6FE} = {C2AD93DA-D46A-46DE-BCF8-356A710A81A1}
		{B0A0D70C-96A9-4BD3-B4CB-7D4B6B367BFC} = {9261A35F-97FF-40FE-B3BD-F3AD0056AD38}
		{722FBD3D-A08D-4B98-A6CE-32B889B75481} = {9261A35F-97FF-40FE-B3BD-F3AD0056AD38}
	EndGlobalSection
EndGlobal
